
Microsoft Visual Studio Solution File, Format Version 12.00
# Visual Studio 15
VisualStudioVersion = 15.0.28307.1267
MinimumVisualStudioVersion = 10.0.40219.1
Project("{FAE04EC0-301F-11D3-BF4B-00C04F79EFBC}") = "Advent.2020", "Advent.2020\Advent.2020.csproj", "{55019B3F-7803-49BD-B2BE-B0E95A8E8885}"
EndProject
Project("{FAE04EC0-301F-11D3-BF4B-00C04F79EFBC}") = "Advent.2020.Tests", "Advent.2020.Tests\Advent.2020.Tests.csproj", "{5243A962-CEEE-485A-AA74-39F3BE56919A}"
EndProject
Global
	GlobalSection(SolutionConfigurationPlatforms) = preSolution
		Debug|Any CPU = Debug|Any CPU
		Release|Any CPU = Release|Any CPU
	EndGlobalSection
	GlobalSection(ProjectConfigurationPlatforms) = postSolution
		{55019B3F-7803-49BD-B2BE-B0E95A8E8885}.Debug|Any CPU.ActiveCfg = Debug|Any CPU
		{55019B3F-7803-49BD-B2BE-B0E95A8E8885}.Debug|Any CPU.Build.0 = Debug|Any CPU
		{55019B3F-7803-49BD-B2BE-B0E95A8E8885}.Release|Any CPU.ActiveCfg = Release|Any CPU
		{55019B3F-7803-49BD-B2BE-B0E95A8E8885}.Release|Any CPU.Build.0 = Release|Any CPU
		{5243A962-CEEE-485A-AA74-39F3BE56919A}.Debug|Any CPU.ActiveCfg = Debug|Any CPU
		{5243A962-CEEE-485A-AA74-39F3BE56919A}.Debug|Any CPU.Build.0 = Debug|Any CPU
		{5243A962-CEEE-485A-AA74-39F3BE56919A}.Release|Any CPU.ActiveCfg = Release|Any CPU
		{5243A962-CEEE-485A-AA74-39F3BE56919A}.Release|Any CPU.Build.0 = Release|Any CPU
	EndGlobalSection
	GlobalSection(SolutionProperties) = preSolution
		HideSolutionNode = FALSE
	EndGlobalSection
	GlobalSection(ExtensibilityGlobals) = postSolution
		SolutionGuid = {2A904735-DA05-4F16-8EBF-7ECEDF8B8B6B}
	EndGlobalSection
EndGlobal
